{"1.2.0",
[{<<"cowlib">>,
  {git,"https://github.com/ninenines/cowlib",
       {ref,"7ceed650df638775e09bc032910fc8f527b32945"}},
  1},
 {<<"gun">>,
  {git,"https://github.com/yowcow/gun.git",
       {ref,"25031cceb9be74182e5d70df2d4eaf080c511b4e"}},
  0},
 {<<"worker_pool">>,{pkg,<<"worker_pool">>,<<"6.0.1">>},0}]}.
[
{pkg_hash,[
 {<<"worker_pool">>, <<"CA262C2DFB3B4AF661B206C82065D86F83922B7227508AA6E0BC34D3E5AE5135">>}]},
{pkg_hash_ext,[
 {<<"worker_pool">>, <<"772E12CCB26909EA7F804B52E86E733DF66BB8150F683B591B0A762196494C74">>}]}
].
